
Microsoft Visual Studio Solution File, Format Version 12.00
# Visual Studio Version 16
VisualStudioVersion = 16.0.30225.117
MinimumVisualStudioVersion = 10.0.40219.1
Project("{FAE04EC0-301F-11D3-BF4B-00C04F79EFBC}") = "Running Sum of 1d Array", "Running Sum of 1d Array\Running Sum of 1d Array.csproj", "{14B71EDB-88FB-49EE-BCE7-C362698FC4B8}"
EndProject
Global
	GlobalSection(SolutionConfigurationPlatforms) = preSolution
		Debug|Any CPU = Debug|Any CPU
		Release|Any CPU = Release|Any CPU
	EndGlobalSection
	GlobalSection(ProjectConfigurationPlatforms) = postSolution
		{14B71EDB-88FB-49EE-BCE7-C362698FC4B8}.Debug|Any CPU.ActiveCfg = Debug|Any CPU
		{14B71EDB-88FB-49EE-BCE7-C362698FC4B8}.Debug|Any CPU.Build.0 = Debug|Any CPU
		{14B71EDB-88FB-49EE-BCE7-C362698FC4B8}.Release|Any CPU.ActiveCfg = Release|Any CPU
		{14B71EDB-88FB-49EE-BCE7-C362698FC4B8}.Release|Any CPU.Build.0 = Release|Any CPU
	EndGlobalSection
	GlobalSection(SolutionProperties) = preSolution
		HideSolutionNode = FALSE
	EndGlobalSection
	GlobalSection(ExtensibilityGlobals) = postSolution
		SolutionGuid = {0B72D4DA-8607-4B09-B49C-B2CA420941D0}
	EndGlobalSection
EndGlobal
